
Microsoft Visual Studio Solution File, Format Version 12.00
# Visual Studio Version 17
VisualStudioVersion = 17.10.35013.160
MinimumVisualStudioVersion = 10.0.40219.1
Project("{9A19103F-16F7-4668-BE54-9A1E7A4F7556}") = "Example", "src\Example\Example.csproj", "{B28C133A-E00A-4948-A9DA-A140C28A90C9}"
EndProject
Project("{9A19103F-16F7-4668-BE54-9A1E7A4F7556}") = "CompactDeserializer", "src\CompactDeserializer\CompactDeserializer.csproj", "{91C4052D-2FAB-4086-911F-6EBB89F1B80F}"
EndProject
Project("{9A19103F-16F7-4668-BE54-9A1E7A4F7556}") = "CompactTests", "src\CompactTests\CompactTests.csproj", "{1CA8EFC4-A080-4648-B103-0D0A59544A88}"
EndProject
Global
	GlobalSection(SolutionConfigurationPlatforms) = preSolution
		Debug|Any CPU = Debug|Any CPU
		Release|Any CPU = Release|Any CPU
	EndGlobalSection
	GlobalSection(ProjectConfigurationPlatforms) = postSolution
		{B28C133A-E00A-4948-A9DA-A140C28A90C9}.Debug|Any CPU.ActiveCfg = Debug|Any CPU
		{B28C133A-E00A-4948-A9DA-A140C28A90C9}.Debug|Any CPU.Build.0 = Debug|Any CPU
		{B28C133A-E00A-4948-A9DA-A140C28A90C9}.Release|Any CPU.ActiveCfg = Release|Any CPU
		{B28C133A-E00A-4948-A9DA-A140C28A90C9}.Release|Any CPU.Build.0 = Release|Any CPU
		{91C4052D-2FAB-4086-911F-6EBB89F1B80F}.Debug|Any CPU.ActiveCfg = Debug|Any CPU
		{91C4052D-2FAB-4086-911F-6EBB89F1B80F}.Debug|Any CPU.Build.0 = Debug|Any CPU
		{91C4052D-2FAB-4086-911F-6EBB89F1B80F}.Release|Any CPU.ActiveCfg = Release|Any CPU
		{91C4052D-2FAB-4086-911F-6EBB89F1B80F}.Release|Any CPU.Build.0 = Release|Any CPU
		{1CA8EFC4-A080-4648-B103-0D0A59544A88}.Debug|Any CPU.ActiveCfg = Debug|Any CPU
		{1CA8EFC4-A080-4648-B103-0D0A59544A88}.Debug|Any CPU.Build.0 = Debug|Any CPU
		{1CA8EFC4-A080-4648-B103-0D0A59544A88}.Release|Any CPU.ActiveCfg = Release|Any CPU
		{1CA8EFC4-A080-4648-B103-0D0A59544A88}.Release|Any CPU.Build.0 = Release|Any CPU
	EndGlobalSection
	GlobalSection(SolutionProperties) = preSolution
		HideSolutionNode = FALSE
	EndGlobalSection
	GlobalSection(ExtensibilityGlobals) = postSolution
		SolutionGuid = {0B009D8A-2556-4439-8F1A-4A30B0F621DA}
	EndGlobalSection
EndGlobal
